
Microsoft Visual Studio Solution File, Format Version 12.00
# Visual Studio Version 16
VisualStudioVersion = 16.0.30907.101
MinimumVisualStudioVersion = 10.0.40219.1
Project("{9A19103F-16F7-4668-BE54-9A1E7A4F7556}") = "Settings", "Settings\Settings.csproj", "{E7AC185F-4C9E-4399-A4AB-61E2A0B6E93B}"
EndProject
Project("{2150E333-8FDC-42A3-9474-1A3956D46DE8}") = "Solution Items", "Solution Items", "{720DB8D8-E00E-47C6-9C4E-B8FBA92F8260}"
	ProjectSection(SolutionItems) = preProject
		LICENSE = LICENSE
		PackageInfo.Common.proj = PackageInfo.Common.proj
		README.md = README.md
	EndProjectSection
EndProject
Project("{FAE04EC0-301F-11D3-BF4B-00C04F79EFBC}") = "Settings.Types", "Settings\Types\Settings.Types.csproj", "{B33C74E5-EC76-4B9E-83D0-B2F4237B640B}"
EndProject
Project("{FAE04EC0-301F-11D3-BF4B-00C04F79EFBC}") = "Settings.Tests", "Settings\Tests\Settings.Tests.csproj", "{C831A33E-2225-402E-8775-A4B10402CAF6}"
EndProject
Project("{FAE04EC0-301F-11D3-BF4B-00C04F79EFBC}") = "IO.Files.FileOperation", "IO\Files.FileOperation\IO.Files.FileOperation.csproj", "{C72A7135-5485-4D31-9B7E-C916D1F10503}"
EndProject
Project("{FAE04EC0-301F-11D3-BF4B-00C04F79EFBC}") = "IO.Web.API.GitHub", "IO\Web.API.GitHub\IO.Web.API.GitHub.csproj", "{946D515C-C434-4680-895B-F6638B61B818}"
EndProject
Project("{FAE04EC0-301F-11D3-BF4B-00C04F79EFBC}") = "IO.Web.API.GitHub.Types", "IO\Web.API.GitHub\Types\IO.Web.API.GitHub.Types.csproj", "{A1A2C412-24E5-4EE8-B352-3C542C57C556}"
EndProject
Project("{FAE04EC0-301F-11D3-BF4B-00C04F79EFBC}") = "IO.Web.API.GitHub.Tests", "IO\Web.API.GitHub\Tests\IO.Web.API.GitHub.Tests.csproj", "{9A29F0E7-BF10-4BB5-BA83-13F23B32DDF3}"
EndProject
Project("{FAE04EC0-301F-11D3-BF4B-00C04F79EFBC}") = "UI.CaptionedPictureBox", "UI\CaptionedPictureBox\UI.CaptionedPictureBox.csproj", "{783F54E4-EC06-493B-A35C-C41227DC429D}"
EndProject
Project("{FAE04EC0-301F-11D3-BF4B-00C04F79EFBC}") = "UI.DirectoryBox", "UI\DirectoryBox\UI.DirectoryBox.csproj", "{EAD3DD13-5397-4AC9-B354-8BE518737852}"
EndProject
Project("{FAE04EC0-301F-11D3-BF4B-00C04F79EFBC}") = "UI.DirectoryBox.Tests", "UI\DirectoryBox\Tests\UI.DirectoryBox.Tests.csproj", "{EDC5EA84-EDA1-46DB-8460-32AB7A5A9E12}"
EndProject
Project("{FAE04EC0-301F-11D3-BF4B-00C04F79EFBC}") = "UI.LatestVersion", "UI\LatestVersion\UI.LatestVersion.csproj", "{FE08B759-605C-45B5-8020-1CB0E226DBD7}"
EndProject
Project("{FAE04EC0-301F-11D3-BF4B-00C04F79EFBC}") = "UI.LatestVersion.Tests", "UI\LatestVersion\Tests\UI.LatestVersion.Tests.csproj", "{7281A8C3-7032-4455-94D8-B93E2335B424}"
EndProject
Global
	GlobalSection(SolutionConfigurationPlatforms) = preSolution
		Debug|Any CPU = Debug|Any CPU
		Release|Any CPU = Release|Any CPU
	EndGlobalSection
	GlobalSection(ProjectConfigurationPlatforms) = postSolution
		{E7AC185F-4C9E-4399-A4AB-61E2A0B6E93B}.Debug|Any CPU.ActiveCfg = Debug|Any CPU
		{E7AC185F-4C9E-4399-A4AB-61E2A0B6E93B}.Debug|Any CPU.Build.0 = Debug|Any CPU
		{E7AC185F-4C9E-4399-A4AB-61E2A0B6E93B}.Release|Any CPU.ActiveCfg = Release|Any CPU
		{E7AC185F-4C9E-4399-A4AB-61E2A0B6E93B}.Release|Any CPU.Build.0 = Release|Any CPU
		{B33C74E5-EC76-4B9E-83D0-B2F4237B640B}.Debug|Any CPU.ActiveCfg = Debug|Any CPU
		{B33C74E5-EC76-4B9E-83D0-B2F4237B640B}.Debug|Any CPU.Build.0 = Debug|Any CPU
		{B33C74E5-EC76-4B9E-83D0-B2F4237B640B}.Release|Any CPU.ActiveCfg = Release|Any CPU
		{B33C74E5-EC76-4B9E-83D0-B2F4237B640B}.Release|Any CPU.Build.0 = Release|Any CPU
		{C831A33E-2225-402E-8775-A4B10402CAF6}.Debug|Any CPU.ActiveCfg = Debug|Any CPU
		{C831A33E-2225-402E-8775-A4B10402CAF6}.Debug|Any CPU.Build.0 = Debug|Any CPU
		{C831A33E-2225-402E-8775-A4B10402CAF6}.Release|Any CPU.ActiveCfg = Debug|Any CPU
		{C72A7135-5485-4D31-9B7E-C916D1F10503}.Debug|Any CPU.ActiveCfg = Debug|Any CPU
		{C72A7135-5485-4D31-9B7E-C916D1F10503}.Debug|Any CPU.Build.0 = Debug|Any CPU
		{C72A7135-5485-4D31-9B7E-C916D1F10503}.Release|Any CPU.ActiveCfg = Release|Any CPU
		{C72A7135-5485-4D31-9B7E-C916D1F10503}.Release|Any CPU.Build.0 = Release|Any CPU
		{946D515C-C434-4680-895B-F6638B61B818}.Debug|Any CPU.ActiveCfg = Debug|Any CPU
		{946D515C-C434-4680-895B-F6638B61B818}.Debug|Any CPU.Build.0 = Debug|Any CPU
		{946D515C-C434-4680-895B-F6638B61B818}.Release|Any CPU.ActiveCfg = Release|Any CPU
		{946D515C-C434-4680-895B-F6638B61B818}.Release|Any CPU.Build.0 = Release|Any CPU
		{A1A2C412-24E5-4EE8-B352-3C542C57C556}.Debug|Any CPU.ActiveCfg = Debug|Any CPU
		{A1A2C412-24E5-4EE8-B352-3C542C57C556}.Debug|Any CPU.Build.0 = Debug|Any CPU
		{A1A2C412-24E5-4EE8-B352-3C542C57C556}.Release|Any CPU.ActiveCfg = Release|Any CPU
		{A1A2C412-24E5-4EE8-B352-3C542C57C556}.Release|Any CPU.Build.0 = Release|Any CPU
		{9A29F0E7-BF10-4BB5-BA83-13F23B32DDF3}.Debug|Any CPU.ActiveCfg = Debug|Any CPU
		{9A29F0E7-BF10-4BB5-BA83-13F23B32DDF3}.Debug|Any CPU.Build.0 = Debug|Any CPU
		{9A29F0E7-BF10-4BB5-BA83-13F23B32DDF3}.Release|Any CPU.ActiveCfg = Debug|Any CPU
		{783F54E4-EC06-493B-A35C-C41227DC429D}.Debug|Any CPU.ActiveCfg = Debug|Any CPU
		{783F54E4-EC06-493B-A35C-C41227DC429D}.Debug|Any CPU.Build.0 = Debug|Any CPU
		{783F54E4-EC06-493B-A35C-C41227DC429D}.Release|Any CPU.ActiveCfg = Release|Any CPU
		{783F54E4-EC06-493B-A35C-C41227DC429D}.Release|Any CPU.Build.0 = Release|Any CPU
		{EAD3DD13-5397-4AC9-B354-8BE518737852}.Debug|Any CPU.ActiveCfg = Debug|Any CPU
		{EAD3DD13-5397-4AC9-B354-8BE518737852}.Debug|Any CPU.Build.0 = Debug|Any CPU
		{EAD3DD13-5397-4AC9-B354-8BE518737852}.Release|Any CPU.ActiveCfg = Release|Any CPU
		{EAD3DD13-5397-4AC9-B354-8BE518737852}.Release|Any CPU.Build.0 = Release|Any CPU
		{EDC5EA84-EDA1-46DB-8460-32AB7A5A9E12}.Debug|Any CPU.ActiveCfg = Debug|Any CPU
		{EDC5EA84-EDA1-46DB-8460-32AB7A5A9E12}.Debug|Any CPU.Build.0 = Debug|Any CPU
		{EDC5EA84-EDA1-46DB-8460-32AB7A5A9E12}.Release|Any CPU.ActiveCfg = Debug|Any CPU
		{FE08B759-605C-45B5-8020-1CB0E226DBD7}.Debug|Any CPU.ActiveCfg = Debug|Any CPU
		{FE08B759-605C-45B5-8020-1CB0E226DBD7}.Debug|Any CPU.Build.0 = Debug|Any CPU
		{FE08B759-605C-45B5-8020-1CB0E226DBD7}.Release|Any CPU.ActiveCfg = Release|Any CPU
		{FE08B759-605C-45B5-8020-1CB0E226DBD7}.Release|Any CPU.Build.0 = Release|Any CPU
		{7281A8C3-7032-4455-94D8-B93E2335B424}.Debug|Any CPU.ActiveCfg = Debug|Any CPU
		{7281A8C3-7032-4455-94D8-B93E2335B424}.Debug|Any CPU.Build.0 = Debug|Any CPU
		{7281A8C3-7032-4455-94D8-B93E2335B424}.Release|Any CPU.ActiveCfg = Debug|Any CPU
	EndGlobalSection
	GlobalSection(SolutionProperties) = preSolution
		HideSolutionNode = FALSE
	EndGlobalSection
	GlobalSection(ExtensibilityGlobals) = postSolution
		SolutionGuid = {F517FD37-BD06-4E05-891C-59D88F01B7F2}
	EndGlobalSection
EndGlobal
