
Microsoft Visual Studio Solution File, Format Version 12.00
# Visual Studio Version 16
VisualStudioVersion = 16.0.28922.388
MinimumVisualStudioVersion = 10.0.40219.1
Project("{2150E333-8FDC-42A3-9474-1A3956D46DE8}") = "Solution Items", "Solution Items", "{24B57E32-C635-4D4D-A34F-40755F260F23}"
	ProjectSection(SolutionItems) = preProject
		README.md = README.md
	EndProjectSection
EndProject
Project("{FAE04EC0-301F-11D3-BF4B-00C04F79EFBC}") = "Settings", "Settings\Settings.csproj", "{3D6DDA69-CC83-4312-986C-EB8BAB32A82A}"
EndProject
Project("{FAE04EC0-301F-11D3-BF4B-00C04F79EFBC}") = "Settings.Tests", "Settings\Tests\Settings.Tests.csproj", "{9E83EBC9-BE76-46FC-B77F-7DC6B64E8564}"
EndProject
Project("{FAE04EC0-301F-11D3-BF4B-00C04F79EFBC}") = "IO.Files.FileOperation", "IO\Files.FileOperation\IO.Files.FileOperation.csproj", "{57F6EF31-F4E2-4C8D-ADFE-6798B06A5711}"
EndProject
Project("{FAE04EC0-301F-11D3-BF4B-00C04F79EFBC}") = "Settings.Types", "Settings\Types\Settings.Types.csproj", "{8C6FB7C0-7A13-431A-BE83-4DFA272EB01C}"
EndProject
Project("{FAE04EC0-301F-11D3-BF4B-00C04F79EFBC}") = "UI.TaskDialog", "UI\TaskDialog\UI.TaskDialog.csproj", "{5BF15AF5-DEB8-46A8-99C7-21993617D0C8}"
EndProject
Project("{FAE04EC0-301F-11D3-BF4B-00C04F79EFBC}") = "UI.DirectoryBox", "UI\DirectoryBox\UI.DirectoryBox.csproj", "{4430BD7F-F5A5-417F-A408-37D82D0C3D8A}"
EndProject
Project("{FAE04EC0-301F-11D3-BF4B-00C04F79EFBC}") = "UI.DirectoryBox.Tests", "UI\DirectoryBox\Tests\UI.DirectoryBox.Tests.csproj", "{11890FDE-FFFD-497C-BCC4-DA2B40DB7027}"
EndProject
Project("{FAE04EC0-301F-11D3-BF4B-00C04F79EFBC}") = "UI.CaptionedPictureBox", "UI\CaptionedPictureBox\UI.CaptionedPictureBox.csproj", "{EE14B9AA-15B4-4B02-981D-377C18F4002A}"
EndProject
Project("{FAE04EC0-301F-11D3-BF4B-00C04F79EFBC}") = "IO.Web.API.GitHub", "IO\Web.API.GitHub\IO.Web.API.GitHub.csproj", "{075DA182-F59B-4EEC-8376-FA5DC5EA8362}"
EndProject
Project("{FAE04EC0-301F-11D3-BF4B-00C04F79EFBC}") = "IO.Web.API.GitHub.Types", "IO\Web.API.GitHub\Types\IO.Web.API.GitHub.Types.csproj", "{4747DCA2-D4C2-457F-B5CB-24B9CA82C505}"
EndProject
Project("{FAE04EC0-301F-11D3-BF4B-00C04F79EFBC}") = "IO.Web.API.GitHub.Tests", "IO\Web.API.GitHub\Tests\IO.Web.API.GitHub.Tests.csproj", "{D5193A92-5929-46ED-AC6F-CEBCD9FBD21A}"
EndProject
Project("{FAE04EC0-301F-11D3-BF4B-00C04F79EFBC}") = "UI.LatestVersion", "UI\LatestVersion\UI.LatestVersion.csproj", "{0C9EDA65-5266-4177-9308-481D6F22A6BD}"
EndProject
Project("{FAE04EC0-301F-11D3-BF4B-00C04F79EFBC}") = "UI.LatestVersion.Tests", "UI\LatestVersion\Tests\UI.LatestVersion.Tests.csproj", "{58104F7D-16C1-4B50-A6E2-17B43667811B}"
EndProject
Global
	GlobalSection(SolutionConfigurationPlatforms) = preSolution
		Debug|Any CPU = Debug|Any CPU
		Release|Any CPU = Release|Any CPU
	EndGlobalSection
	GlobalSection(ProjectConfigurationPlatforms) = postSolution
		{3D6DDA69-CC83-4312-986C-EB8BAB32A82A}.Debug|Any CPU.ActiveCfg = Debug|Any CPU
		{3D6DDA69-CC83-4312-986C-EB8BAB32A82A}.Debug|Any CPU.Build.0 = Debug|Any CPU
		{3D6DDA69-CC83-4312-986C-EB8BAB32A82A}.Release|Any CPU.ActiveCfg = Release|Any CPU
		{3D6DDA69-CC83-4312-986C-EB8BAB32A82A}.Release|Any CPU.Build.0 = Release|Any CPU
		{9E83EBC9-BE76-46FC-B77F-7DC6B64E8564}.Debug|Any CPU.ActiveCfg = Debug|Any CPU
		{9E83EBC9-BE76-46FC-B77F-7DC6B64E8564}.Debug|Any CPU.Build.0 = Debug|Any CPU
		{9E83EBC9-BE76-46FC-B77F-7DC6B64E8564}.Release|Any CPU.ActiveCfg = Release|Any CPU
		{57F6EF31-F4E2-4C8D-ADFE-6798B06A5711}.Debug|Any CPU.ActiveCfg = Debug|Any CPU
		{57F6EF31-F4E2-4C8D-ADFE-6798B06A5711}.Debug|Any CPU.Build.0 = Debug|Any CPU
		{57F6EF31-F4E2-4C8D-ADFE-6798B06A5711}.Release|Any CPU.ActiveCfg = Release|Any CPU
		{57F6EF31-F4E2-4C8D-ADFE-6798B06A5711}.Release|Any CPU.Build.0 = Release|Any CPU
		{8C6FB7C0-7A13-431A-BE83-4DFA272EB01C}.Debug|Any CPU.ActiveCfg = Debug|Any CPU
		{8C6FB7C0-7A13-431A-BE83-4DFA272EB01C}.Debug|Any CPU.Build.0 = Debug|Any CPU
		{8C6FB7C0-7A13-431A-BE83-4DFA272EB01C}.Release|Any CPU.ActiveCfg = Release|Any CPU
		{8C6FB7C0-7A13-431A-BE83-4DFA272EB01C}.Release|Any CPU.Build.0 = Release|Any CPU
		{5BF15AF5-DEB8-46A8-99C7-21993617D0C8}.Debug|Any CPU.ActiveCfg = Debug|Any CPU
		{5BF15AF5-DEB8-46A8-99C7-21993617D0C8}.Debug|Any CPU.Build.0 = Debug|Any CPU
		{5BF15AF5-DEB8-46A8-99C7-21993617D0C8}.Release|Any CPU.ActiveCfg = Release|Any CPU
		{5BF15AF5-DEB8-46A8-99C7-21993617D0C8}.Release|Any CPU.Build.0 = Release|Any CPU
		{4430BD7F-F5A5-417F-A408-37D82D0C3D8A}.Debug|Any CPU.ActiveCfg = Debug|Any CPU
		{4430BD7F-F5A5-417F-A408-37D82D0C3D8A}.Debug|Any CPU.Build.0 = Debug|Any CPU
		{4430BD7F-F5A5-417F-A408-37D82D0C3D8A}.Release|Any CPU.ActiveCfg = Release|Any CPU
		{4430BD7F-F5A5-417F-A408-37D82D0C3D8A}.Release|Any CPU.Build.0 = Release|Any CPU
		{11890FDE-FFFD-497C-BCC4-DA2B40DB7027}.Debug|Any CPU.ActiveCfg = Debug|Any CPU
		{11890FDE-FFFD-497C-BCC4-DA2B40DB7027}.Debug|Any CPU.Build.0 = Debug|Any CPU
		{11890FDE-FFFD-497C-BCC4-DA2B40DB7027}.Release|Any CPU.ActiveCfg = Release|Any CPU
		{EE14B9AA-15B4-4B02-981D-377C18F4002A}.Debug|Any CPU.ActiveCfg = Debug|Any CPU
		{EE14B9AA-15B4-4B02-981D-377C18F4002A}.Debug|Any CPU.Build.0 = Debug|Any CPU
		{EE14B9AA-15B4-4B02-981D-377C18F4002A}.Release|Any CPU.ActiveCfg = Release|Any CPU
		{EE14B9AA-15B4-4B02-981D-377C18F4002A}.Release|Any CPU.Build.0 = Release|Any CPU
		{075DA182-F59B-4EEC-8376-FA5DC5EA8362}.Debug|Any CPU.ActiveCfg = Debug|Any CPU
		{075DA182-F59B-4EEC-8376-FA5DC5EA8362}.Debug|Any CPU.Build.0 = Debug|Any CPU
		{075DA182-F59B-4EEC-8376-FA5DC5EA8362}.Release|Any CPU.ActiveCfg = Release|Any CPU
		{075DA182-F59B-4EEC-8376-FA5DC5EA8362}.Release|Any CPU.Build.0 = Release|Any CPU
		{4747DCA2-D4C2-457F-B5CB-24B9CA82C505}.Debug|Any CPU.ActiveCfg = Debug|Any CPU
		{4747DCA2-D4C2-457F-B5CB-24B9CA82C505}.Debug|Any CPU.Build.0 = Debug|Any CPU
		{4747DCA2-D4C2-457F-B5CB-24B9CA82C505}.Release|Any CPU.ActiveCfg = Release|Any CPU
		{4747DCA2-D4C2-457F-B5CB-24B9CA82C505}.Release|Any CPU.Build.0 = Release|Any CPU
		{D5193A92-5929-46ED-AC6F-CEBCD9FBD21A}.Debug|Any CPU.ActiveCfg = Debug|Any CPU
		{D5193A92-5929-46ED-AC6F-CEBCD9FBD21A}.Debug|Any CPU.Build.0 = Debug|Any CPU
		{D5193A92-5929-46ED-AC6F-CEBCD9FBD21A}.Release|Any CPU.ActiveCfg = Release|Any CPU
		{0C9EDA65-5266-4177-9308-481D6F22A6BD}.Debug|Any CPU.ActiveCfg = Debug|Any CPU
		{0C9EDA65-5266-4177-9308-481D6F22A6BD}.Debug|Any CPU.Build.0 = Debug|Any CPU
		{0C9EDA65-5266-4177-9308-481D6F22A6BD}.Release|Any CPU.ActiveCfg = Release|Any CPU
		{0C9EDA65-5266-4177-9308-481D6F22A6BD}.Release|Any CPU.Build.0 = Release|Any CPU
		{58104F7D-16C1-4B50-A6E2-17B43667811B}.Debug|Any CPU.ActiveCfg = Debug|Any CPU
		{58104F7D-16C1-4B50-A6E2-17B43667811B}.Debug|Any CPU.Build.0 = Debug|Any CPU
		{58104F7D-16C1-4B50-A6E2-17B43667811B}.Release|Any CPU.ActiveCfg = Release|Any CPU
	EndGlobalSection
	GlobalSection(SolutionProperties) = preSolution
		HideSolutionNode = FALSE
	EndGlobalSection
	GlobalSection(ExtensibilityGlobals) = postSolution
		SolutionGuid = {7251A9F5-F464-48A7-BF73-91ECFD6AB74E}
	EndGlobalSection
	GlobalSection(SubversionScc) = preSolution
		Svn-Managed = True
		Manager = AnkhSVN - Subversion Support for Visual Studio
	EndGlobalSection
EndGlobal
